
Microsoft Visual Studio Solution File, Format Version 12.00
# Visual Studio Version 17
VisualStudioVersion = 17.10.35004.147
MinimumVisualStudioVersion = 10.0.40219.1
Project("{2150E333-8FDC-42A3-9474-1A3956D46DE8}") = "Api", "Api", "{3E771B3E-C67B-4244-ACDC-2F6F32135B3C}"
EndProject
Project("{2150E333-8FDC-42A3-9474-1A3956D46DE8}") = "WebApp", "WebApp", "{555FC9D9-F0A6-4FBA-86AF-52DF5ED7DE10}"
EndProject
Project("{9A19103F-16F7-4668-BE54-9A1E7A4F7556}") = "PruebaBanco.WebApi", "src\PruebaBanco.WebApi\PruebaBanco.WebApi.csproj", "{8D5C99FD-6526-44EB-828E-B34BA349E7EE}"
EndProject
Project("{FAE04EC0-301F-11D3-BF4B-00C04F79EFBC}") = "PruebaBanco.WebApp", "src\PruebaBanco.WebApp\PruebaBanco.WebApp.csproj", "{627841F2-E128-461C-99B0-87FE89B6AD66}"
EndProject
Global
	GlobalSection(SolutionConfigurationPlatforms) = preSolution
		Debug|Any CPU = Debug|Any CPU
		Release|Any CPU = Release|Any CPU
	EndGlobalSection
	GlobalSection(ProjectConfigurationPlatforms) = postSolution
		{8D5C99FD-6526-44EB-828E-B34BA349E7EE}.Debug|Any CPU.ActiveCfg = Debug|Any CPU
		{8D5C99FD-6526-44EB-828E-B34BA349E7EE}.Debug|Any CPU.Build.0 = Debug|Any CPU
		{8D5C99FD-6526-44EB-828E-B34BA349E7EE}.Release|Any CPU.ActiveCfg = Release|Any CPU
		{8D5C99FD-6526-44EB-828E-B34BA349E7EE}.Release|Any CPU.Build.0 = Release|Any CPU
		{627841F2-E128-461C-99B0-87FE89B6AD66}.Debug|Any CPU.ActiveCfg = Debug|Any CPU
		{627841F2-E128-461C-99B0-87FE89B6AD66}.Debug|Any CPU.Build.0 = Debug|Any CPU
		{627841F2-E128-461C-99B0-87FE89B6AD66}.Release|Any CPU.ActiveCfg = Release|Any CPU
		{627841F2-E128-461C-99B0-87FE89B6AD66}.Release|Any CPU.Build.0 = Release|Any CPU
	EndGlobalSection
	GlobalSection(SolutionProperties) = preSolution
		HideSolutionNode = FALSE
	EndGlobalSection
	GlobalSection(NestedProjects) = preSolution
		{8D5C99FD-6526-44EB-828E-B34BA349E7EE} = {3E771B3E-C67B-4244-ACDC-2F6F32135B3C}
		{627841F2-E128-461C-99B0-87FE89B6AD66} = {555FC9D9-F0A6-4FBA-86AF-52DF5ED7DE10}
	EndGlobalSection
	GlobalSection(ExtensibilityGlobals) = postSolution
		SolutionGuid = {BAB8CEDB-FFED-485C-8BD5-1073976F02EB}
	EndGlobalSection
EndGlobal
